
Microsoft Visual Studio Solution File, Format Version 12.00
# Visual Studio Version 17
VisualStudioVersion = 17.5.33627.172
MinimumVisualStudioVersion = 10.0.40219.1
Project("{FAE04EC0-301F-11D3-BF4B-00C04F79EFBC}") = "HashSignExampleClient", "HashSignExampleClient\HashSignExampleClient.csproj", "{E82FBD8B-1FDC-4CB9-94D2-BA9E6E4F7CDB}"
EndProject
Global
	GlobalSection(SolutionConfigurationPlatforms) = preSolution
		Debug|Any CPU = Debug|Any CPU
		Release|Any CPU = Release|Any CPU
	EndGlobalSection
	GlobalSection(ProjectConfigurationPlatforms) = postSolution
		{E82FBD8B-1FDC-4CB9-94D2-BA9E6E4F7CDB}.Debug|Any CPU.ActiveCfg = Debug|Any CPU
		{E82FBD8B-1FDC-4CB9-94D2-BA9E6E4F7CDB}.Debug|Any CPU.Build.0 = Debug|Any CPU
		{E82FBD8B-1FDC-4CB9-94D2-BA9E6E4F7CDB}.Release|Any CPU.ActiveCfg = Release|Any CPU
		{E82FBD8B-1FDC-4CB9-94D2-BA9E6E4F7CDB}.Release|Any CPU.Build.0 = Release|Any CPU
	EndGlobalSection
	GlobalSection(SolutionProperties) = preSolution
		HideSolutionNode = FALSE
	EndGlobalSection
	GlobalSection(ExtensibilityGlobals) = postSolution
		SolutionGuid = {576CD8FB-375C-4D49-A08C-7E6B46101417}
	EndGlobalSection
EndGlobal
